
Microsoft Visual Studio Solution File, Format Version 12.00
# Visual Studio Version 17
VisualStudioVersion = 17.0.32112.339
MinimumVisualStudioVersion = 10.0.40219.1
Project("{9A19103F-16F7-4668-BE54-9A1E7A4F7556}") = "PdfSignerClient", "PdfSignerClient.csproj", "{44272FBB-9941-4801-A575-A8D2E7944122}"
EndProject
Global
	GlobalSection(SolutionConfigurationPlatforms) = preSolution
		Debug|Any CPU = Debug|Any CPU
		Release|Any CPU = Release|Any CPU
	EndGlobalSection
	GlobalSection(ProjectConfigurationPlatforms) = postSolution
		{44272FBB-9941-4801-A575-A8D2E7944122}.Debug|Any CPU.ActiveCfg = Debug|Any CPU
		{44272FBB-9941-4801-A575-A8D2E7944122}.Debug|Any CPU.Build.0 = Debug|Any CPU
		{44272FBB-9941-4801-A575-A8D2E7944122}.Release|Any CPU.ActiveCfg = Release|Any CPU
		{44272FBB-9941-4801-A575-A8D2E7944122}.Release|Any CPU.Build.0 = Release|Any CPU
	EndGlobalSection
	GlobalSection(SolutionProperties) = preSolution
		HideSolutionNode = FALSE
	EndGlobalSection
	GlobalSection(ExtensibilityGlobals) = postSolution
		SolutionGuid = {544542CC-0E24-4F69-AB10-0451F14476E0}
	EndGlobalSection
EndGlobal
